// !$*UTF8*$!
{
	archiveVersion = 1;
	classes = {
	};
	objectVersion = 51;
	objects = {

/* Begin PBXBuildFile section */
		24E8966F37A718BFD75C2E77 /* Pods_VkNewsFeed.framework in Frameworks */ = {isa = PBXBuildFile; fileRef = 861FE488DC4526869ECD0794 /* Pods_VkNewsFeed.framework */; };
		FA04B98F25B767CD004298B8 /* NewsFeedCellLayoutCalculator.swift in Sources */ = {isa = PBXBuildFile; fileRef = FA04B98E25B767CC004298B8 /* NewsFeedCellLayoutCalculator.swift */; };
		FA04B99225B7834C004298B8 /* Extension String + Height.swift in Sources */ = {isa = PBXBuildFile; fileRef = FA04B99125B7834C004298B8 /* Extension String + Height.swift */; };
		FA0925A025C8672D004D7903 /* GallaryCollectionView.swift in Sources */ = {isa = PBXBuildFile; fileRef = FA09259F25C8672D004D7903 /* GallaryCollectionView.swift */; };
		FA0925A525C86800004D7903 /* GallaryCollectionViewCell.swift in Sources */ = {isa = PBXBuildFile; fileRef = FA0925A425C86800004D7903 /* GallaryCollectionViewCell.swift */; };
		FA0925A825CAB3D7004D7903 /* RowLayout.swift in Sources */ = {isa = PBXBuildFile; fileRef = FA0925A725CAB3D7004D7903 /* RowLayout.swift */; };
		FA0925AD25CAF4FA004D7903 /* TitleView.swift in Sources */ = {isa = PBXBuildFile; fileRef = FA0925AC25CAF4FA004D7903 /* TitleView.swift */; };
		FA0925B125CAF61C004D7903 /* InsetableTextField.swift in Sources */ = {isa = PBXBuildFile; fileRef = FA0925B025CAF61C004D7903 /* InsetableTextField.swift */; };
		FA0925B425CC701E004D7903 /* UserResponse.swift in Sources */ = {isa = PBXBuildFile; fileRef = FA0925B325CC701D004D7903 /* UserResponse.swift */; };
		FA685FDF25BF57DD0011425D /* Constants.swift in Sources */ = {isa = PBXBuildFile; fileRef = FA685FDE25BF57DD0011425D /* Constants.swift */; };
		FA69D97225AF9B59008657FE /* NewsFeedPresenter.swift in Sources */ = {isa = PBXBuildFile; fileRef = FA69D96B25AF9B59008657FE /* NewsFeedPresenter.swift */; };
		FA69D97325AF9B59008657FE /* NewsFeedWorker.swift in Sources */ = {isa = PBXBuildFile; fileRef = FA69D96C25AF9B59008657FE /* NewsFeedWorker.swift */; };
		FA69D97425AF9B59008657FE /* NewsFeedRouter.swift in Sources */ = {isa = PBXBuildFile; fileRef = FA69D96D25AF9B59008657FE /* NewsFeedRouter.swift */; };
		FA69D97525AF9B59008657FE /* NewsFeedModels.swift in Sources */ = {isa = PBXBuildFile; fileRef = FA69D96E25AF9B59008657FE /* NewsFeedModels.swift */; };
		FA69D97625AF9B59008657FE /* NewsFeedViewController.swift in Sources */ = {isa = PBXBuildFile; fileRef = FA69D96F25AF9B59008657FE /* NewsFeedViewController.swift */; };
		FA69D97725AF9B59008657FE /* NewsFeedInteractor.swift in Sources */ = {isa = PBXBuildFile; fileRef = FA69D97025AF9B59008657FE /* NewsFeedInteractor.swift */; };
		FA69D98125AFB2C1008657FE /* NewsFeedViewController.storyboard in Resources */ = {isa = PBXBuildFile; fileRef = FA69D98025AFB2C1008657FE /* NewsFeedViewController.storyboard */; };
		FA790B3F25BECC40007646A9 /* NewsFeedCodeCell.swift in Sources */ = {isa = PBXBuildFile; fileRef = FA790B3E25BECC40007646A9 /* NewsFeedCodeCell.swift */; };
		FA790B4225BED41C007646A9 /* Extension UIView Constraints.swift in Sources */ = {isa = PBXBuildFile; fileRef = FA790B4125BED41C007646A9 /* Extension UIView Constraints.swift */; };
		FAA8A18125ADE55F00B208E1 /* NetworkService.swift in Sources */ = {isa = PBXBuildFile; fileRef = FAA8A18025ADE55F00B208E1 /* NetworkService.swift */; };
		FAA8A18425ADE78E00B208E1 /* API.swift in Sources */ = {isa = PBXBuildFile; fileRef = FAA8A18325ADE78E00B208E1 /* API.swift */; };
		FAA8A18825AE386800B208E1 /* FeedResponse.swift in Sources */ = {isa = PBXBuildFile; fileRef = FAA8A18725AE386800B208E1 /* FeedResponse.swift */; };
		FAA8A18C25AE3BD100B208E1 /* NetworkDataFetcher.swift in Sources */ = {isa = PBXBuildFile; fileRef = FAA8A18B25AE3BD100B208E1 /* NetworkDataFetcher.swift */; };
		FADA05CF25B20A9100D19A37 /* NewsFeedCell.swift in Sources */ = {isa = PBXBuildFile; fileRef = FADA05CE25B20A9100D19A37 /* NewsFeedCell.swift */; };
		FADA05D225B20AEA00D19A37 /* NewsFeedCell.xib in Resources */ = {isa = PBXBuildFile; fileRef = FADA05D125B20AEA00D19A37 /* NewsFeedCell.xib */; };
		FADA05D625B39E8F00D19A37 /* WebImageView.swift in Sources */ = {isa = PBXBuildFile; fileRef = FADA05D525B39E8F00D19A37 /* WebImageView.swift */; };
		FAE87A9125A8807700ECF999 /* AppDelegate.swift in Sources */ = {isa = PBXBuildFile; fileRef = FAE87A9025A8807700ECF999 /* AppDelegate.swift */; };
		FAE87A9325A8807700ECF999 /* SceneDelegate.swift in Sources */ = {isa = PBXBuildFile; fileRef = FAE87A9225A8807700ECF999 /* SceneDelegate.swift */; };
		FAE87A9525A8807700ECF999 /* AuthViewController.swift in Sources */ = {isa = PBXBuildFile; fileRef = FAE87A9425A8807700ECF999 /* AuthViewController.swift */; };
		FAE87A9A25A8807B00ECF999 /* Assets.xcassets in Resources */ = {isa = PBXBuildFile; fileRef = FAE87A9925A8807B00ECF999 /* Assets.xcassets */; };
		FAE87A9D25A8807B00ECF999 /* LaunchScreen.storyboard in Resources */ = {isa = PBXBuildFile; fileRef = FAE87A9B25A8807B00ECF999 /* LaunchScreen.storyboard */; };
		FAE87AC825A8BCCD00ECF999 /* AuthService.swift in Sources */ = {isa = PBXBuildFile; fileRef = FAE87AC725A8BCCD00ECF999 /* AuthService.swift */; };
		FAE87ACC25A8C01700ECF999 /* AuthViewController.storyboard in Resources */ = {isa = PBXBuildFile; fileRef = FAE87ACB25A8C01700ECF999 /* AuthViewController.storyboard */; };
		FAEFDB0225CDAD9000710CF7 /* FooterView.swift in Sources */ = {isa = PBXBuildFile; fileRef = FAEFDB0125CDAD9000710CF7 /* FooterView.swift */; };
		FAEFDB0625CDB43200710CF7 /* Localizable.stringsdict in Resources */ = {isa = PBXBuildFile; fileRef = FAEFDB0525CDB43200710CF7 /* Localizable.stringsdict */; };
		FAEFDB0925CF5BE400710CF7 /* GradientView.swift in Sources */ = {isa = PBXBuildFile; fileRef = FAEFDB0825CF5BE400710CF7 /* GradientView.swift */; };
/* End PBXBuildFile section */

/* Begin PBXFileReference section */
		398D4352B7BBB8BC077E1CC6 /* Pods-VkNewsFeed.release.xcconfig */ = {isa = PBXFileReference; includeInIndex = 1; lastKnownFileType = text.xcconfig; name = "Pods-VkNewsFeed.release.xcconfig"; path = "Target Support Files/Pods-VkNewsFeed/Pods-VkNewsFeed.release.xcconfig"; sourceTree = "<group>"; };
		4F16C7FFFCD1239ECE2F0ED7 /* Pods-VkNewsFeed.debug.xcconfig */ = {isa = PBXFileReference; includeInIndex = 1; lastKnownFileType = text.xcconfig; name = "Pods-VkNewsFeed.debug.xcconfig"; path = "Target Support Files/Pods-VkNewsFeed/Pods-VkNewsFeed.debug.xcconfig"; sourceTree = "<group>"; };
		861FE488DC4526869ECD0794 /* Pods_VkNewsFeed.framework */ = {isa = PBXFileReference; explicitFileType = wrapper.framework; includeInIndex = 0; path = Pods_VkNewsFeed.framework; sourceTree = BUILT_PRODUCTS_DIR; };
		FA04B98E25B767CC004298B8 /* NewsFeedCellLayoutCalculator.swift */ = {isa = PBXFileReference; lastKnownFileType = sourcecode.swift; path = NewsFeedCellLayoutCalculator.swift; sourceTree = "<group>"; };
		FA04B99125B7834C004298B8 /* Extension String + Height.swift */ = {isa = PBXFileReference; lastKnownFileType = sourcecode.swift; path = "Extension String + Height.swift"; sourceTree = "<group>"; };
		FA09259F25C8672D004D7903 /* GallaryCollectionView.swift */ = {isa = PBXFileReference; lastKnownFileType = sourcecode.swift; path = GallaryCollectionView.swift; sourceTree = "<group>"; };
		FA0925A425C86800004D7903 /* GallaryCollectionViewCell.swift */ = {isa = PBXFileReference; lastKnownFileType = sourcecode.swift; path = GallaryCollectionViewCell.swift; sourceTree = "<group>"; };
		FA0925A725CAB3D7004D7903 /* RowLayout.swift */ = {isa = PBXFileReference; lastKnownFileType = sourcecode.swift; path = RowLayout.swift; sourceTree = "<group>"; };
		FA0925AC25CAF4FA004D7903 /* TitleView.swift */ = {isa = PBXFileReference; lastKnownFileType = sourcecode.swift; path = TitleView.swift; sourceTree = "<group>"; };
		FA0925B025CAF61C004D7903 /* InsetableTextField.swift */ = {isa = PBXFileReference; lastKnownFileType = sourcecode.swift; path = InsetableTextField.swift; sourceTree = "<group>"; };
		FA0925B325CC701D004D7903 /* UserResponse.swift */ = {isa = PBXFileReference; lastKnownFileType = sourcecode.swift; path = UserResponse.swift; sourceTree = "<group>"; };
		FA685FDE25BF57DD0011425D /* Constants.swift */ = {isa = PBXFileReference; lastKnownFileType = sourcecode.swift; path = Constants.swift; sourceTree = "<group>"; };
		FA69D96B25AF9B59008657FE /* NewsFeedPresenter.swift */ = {isa = PBXFileReference; lastKnownFileType = sourcecode.swift; path = NewsFeedPresenter.swift; sourceTree = "<group>"; };
		FA69D96C25AF9B59008657FE /* NewsFeedWorker.swift */ = {isa = PBXFileReference; lastKnownFileType = sourcecode.swift; path = NewsFeedWorker.swift; sourceTree = "<group>"; };
		FA69D96D25AF9B59008657FE /* NewsFeedRouter.swift */ = {isa = PBXFileReference; lastKnownFileType = sourcecode.swift; path = NewsFeedRouter.swift; sourceTree = "<group>"; };
		FA69D96E25AF9B59008657FE /* NewsFeedModels.swift */ = {isa = PBXFileReference; lastKnownFileType = sourcecode.swift; path = NewsFeedModels.swift; sourceTree = "<group>"; };
		FA69D96F25AF9B59008657FE /* NewsFeedViewController.swift */ = {isa = PBXFileReference; lastKnownFileType = sourcecode.swift; path = NewsFeedViewController.swift; sourceTree = "<group>"; };
		FA69D97025AF9B59008657FE /* NewsFeedInteractor.swift */ = {isa = PBXFileReference; lastKnownFileType = sourcecode.swift; path = NewsFeedInteractor.swift; sourceTree = "<group>"; };
		FA69D98025AFB2C1008657FE /* NewsFeedViewController.storyboard */ = {isa = PBXFileReference; lastKnownFileType = file.storyboard; path = NewsFeedViewController.storyboard; sourceTree = "<group>"; };
		FA790B3E25BECC40007646A9 /* NewsFeedCodeCell.swift */ = {isa = PBXFileReference; lastKnownFileType = sourcecode.swift; path = NewsFeedCodeCell.swift; sourceTree = "<group>"; };
		FA790B4125BED41C007646A9 /* Extension UIView Constraints.swift */ = {isa = PBXFileReference; lastKnownFileType = sourcecode.swift; path = "Extension UIView Constraints.swift"; sourceTree = "<group>"; };
		FAA8A18025ADE55F00B208E1 /* NetworkService.swift */ = {isa = PBXFileReference; lastKnownFileType = sourcecode.swift; path = NetworkService.swift; sourceTree = "<group>"; };
		FAA8A18325ADE78E00B208E1 /* API.swift */ = {isa = PBXFileReference; lastKnownFileType = sourcecode.swift; path = API.swift; sourceTree = "<group>"; };
		FAA8A18725AE386800B208E1 /* FeedResponse.swift */ = {isa = PBXFileReference; lastKnownFileType = sourcecode.swift; path = FeedResponse.swift; sourceTree = "<group>"; };
		FAA8A18B25AE3BD100B208E1 /* NetworkDataFetcher.swift */ = {isa = PBXFileReference; lastKnownFileType = sourcecode.swift; path = NetworkDataFetcher.swift; sourceTree = "<group>"; };
		FADA05CE25B20A9100D19A37 /* NewsFeedCell.swift */ = {isa = PBXFileReference; lastKnownFileType = sourcecode.swift; path = NewsFeedCell.swift; sourceTree = "<group>"; };
		FADA05D125B20AEA00D19A37 /* NewsFeedCell.xib */ = {isa = PBXFileReference; lastKnownFileType = file.xib; path = NewsFeedCell.xib; sourceTree = "<group>"; };
		FADA05D525B39E8F00D19A37 /* WebImageView.swift */ = {isa = PBXFileReference; lastKnownFileType = sourcecode.swift; path = WebImageView.swift; sourceTree = "<group>"; };
		FAE87A8D25A8807700ECF999 /* VkNewsFeed.app */ = {isa = PBXFileReference; explicitFileType = wrapper.application; includeInIndex = 0; path = VkNewsFeed.app; sourceTree = BUILT_PRODUCTS_DIR; };
		FAE87A9025A8807700ECF999 /* AppDelegate.swift */ = {isa = PBXFileReference; lastKnownFileType = sourcecode.swift; path = AppDelegate.swift; sourceTree = "<group>"; };
		FAE87A9225A8807700ECF999 /* SceneDelegate.swift */ = {isa = PBXFileReference; lastKnownFileType = sourcecode.swift; path = SceneDelegate.swift; sourceTree = "<group>"; };
		FAE87A9425A8807700ECF999 /* AuthViewController.swift */ = {isa = PBXFileReference; lastKnownFileType = sourcecode.swift; path = AuthViewController.swift; sourceTree = "<group>"; };
		FAE87A9925A8807B00ECF999 /* Assets.xcassets */ = {isa = PBXFileReference; lastKnownFileType = folder.assetcatalog; path = Assets.xcassets; sourceTree = "<group>"; };
		FAE87A9C25A8807B00ECF999 /* Base */ = {isa = PBXFileReference; lastKnownFileType = file.storyboard; name = Base; path = Base.lproj/LaunchScreen.storyboard; sourceTree = "<group>"; };
		FAE87A9E25A8807B00ECF999 /* Info.plist */ = {isa = PBXFileReference; lastKnownFileType = text.plist.xml; path = Info.plist; sourceTree = "<group>"; };
		FAE87AC725A8BCCD00ECF999 /* AuthService.swift */ = {isa = PBXFileReference; lastKnownFileType = sourcecode.swift; path = AuthService.swift; sourceTree = "<group>"; };
		FAE87ACB25A8C01700ECF999 /* AuthViewController.storyboard */ = {isa = PBXFileReference; lastKnownFileType = file.storyboard; path = AuthViewController.storyboard; sourceTree = "<group>"; };
		FAEFDB0125CDAD9000710CF7 /* FooterView.swift */ = {isa = PBXFileReference; lastKnownFileType = sourcecode.swift; path = FooterView.swift; sourceTree = "<group>"; };
		FAEFDB0525CDB43200710CF7 /* Localizable.stringsdict */ = {isa = PBXFileReference; lastKnownFileType = text.plist.stringsdict; path = Localizable.stringsdict; sourceTree = "<group>"; };
		FAEFDB0825CF5BE400710CF7 /* GradientView.swift */ = {isa = PBXFileReference; lastKnownFileType = sourcecode.swift; path = GradientView.swift; sourceTree = "<group>"; };
/* End PBXFileReference section */

/* Begin PBXFrameworksBuildPhase section */
		FAE87A8A25A8807700ECF999 /* Frameworks */ = {
			isa = PBXFrameworksBuildPhase;
			buildActionMask = 2147483647;
			files = (
				24E8966F37A718BFD75C2E77 /* Pods_VkNewsFeed.framework in Frameworks */,
			);
			runOnlyForDeploymentPostprocessing = 0;
		};
/* End PBXFrameworksBuildPhase section */

/* Begin PBXGroup section */
		3BCEA79BB2349FB6A2BD74F2 /* Pods */ = {
			isa = PBXGroup;
			children = (
				4F16C7FFFCD1239ECE2F0ED7 /* Pods-VkNewsFeed.debug.xcconfig */,
				398D4352B7BBB8BC077E1CC6 /* Pods-VkNewsFeed.release.xcconfig */,
			);
			path = Pods;
			sourceTree = "<group>";
		};
		A4CDC6716C246CA261CCAC2E /* Frameworks */ = {
			isa = PBXGroup;
			children = (
				861FE488DC4526869ECD0794 /* Pods_VkNewsFeed.framework */,
			);
			name = Frameworks;
			sourceTree = "<group>";
		};
		FA09259E25C86705004D7903 /* GallaryCollection */ = {
			isa = PBXGroup;
			children = (
				FA0925A725CAB3D7004D7903 /* RowLayout.swift */,
				FA09259F25C8672D004D7903 /* GallaryCollectionView.swift */,
				FA0925A425C86800004D7903 /* GallaryCollectionViewCell.swift */,
			);
			path = GallaryCollection;
			sourceTree = "<group>";
		};
		FA0925AB25CAF4EA004D7903 /* TitleView */ = {
			isa = PBXGroup;
			children = (
				FA0925AC25CAF4FA004D7903 /* TitleView.swift */,
				FA0925B025CAF61C004D7903 /* InsetableTextField.swift */,
			);
			path = TitleView;
			sourceTree = "<group>";
		};
		FA69D96A25AF9B39008657FE /* NewsFeed */ = {
			isa = PBXGroup;
			children = (
				FAEFDB0025CDAD7200710CF7 /* FooterView */,
				FA0925AB25CAF4EA004D7903 /* TitleView */,
				FADA05CD25B20A7E00D19A37 /* Cell */,
				FA69D96F25AF9B59008657FE /* NewsFeedViewController.swift */,
				FA69D97025AF9B59008657FE /* NewsFeedInteractor.swift */,
				FA69D96B25AF9B59008657FE /* NewsFeedPresenter.swift */,
				FA69D96E25AF9B59008657FE /* NewsFeedModels.swift */,
				FA69D96C25AF9B59008657FE /* NewsFeedWorker.swift */,
				FA69D96D25AF9B59008657FE /* NewsFeedRouter.swift */,
				FA69D98025AFB2C1008657FE /* NewsFeedViewController.storyboard */,
			);
			path = NewsFeed;
			sourceTree = "<group>";
		};
		FAA8A18625AE383900B208E1 /* Models */ = {
			isa = PBXGroup;
			children = (
				FAA8A18725AE386800B208E1 /* FeedResponse.swift */,
				FA0925B325CC701D004D7903 /* UserResponse.swift */,
			);
			path = Models;
			sourceTree = "<group>";
		};
		FADA05CD25B20A7E00D19A37 /* Cell */ = {
			isa = PBXGroup;
			children = (
				FADA05CE25B20A9100D19A37 /* NewsFeedCell.swift */,
				FADA05D125B20AEA00D19A37 /* NewsFeedCell.xib */,
				FA04B98E25B767CC004298B8 /* NewsFeedCellLayoutCalculator.swift */,
				FA790B3E25BECC40007646A9 /* NewsFeedCodeCell.swift */,
				FA685FDE25BF57DD0011425D /* Constants.swift */,
				FA09259E25C86705004D7903 /* GallaryCollection */,
			);
			path = Cell;
			sourceTree = "<group>";
		};
		FADA05D425B39E5800D19A37 /* Helpers */ = {
			isa = PBXGroup;
			children = (
				FADA05D525B39E8F00D19A37 /* WebImageView.swift */,
				FA04B99125B7834C004298B8 /* Extension String + Height.swift */,
				FA790B4125BED41C007646A9 /* Extension UIView Constraints.swift */,
				FAEFDB0525CDB43200710CF7 /* Localizable.stringsdict */,
				FAEFDB0825CF5BE400710CF7 /* GradientView.swift */,
			);
			path = Helpers;
			sourceTree = "<group>";
		};
		FAE87A8425A8807700ECF999 = {
			isa = PBXGroup;
			children = (
				FAE87A8F25A8807700ECF999 /* VkNewsFeed */,
				FAE87A8E25A8807700ECF999 /* Products */,
				3BCEA79BB2349FB6A2BD74F2 /* Pods */,
				A4CDC6716C246CA261CCAC2E /* Frameworks */,
			);
			sourceTree = "<group>";
		};
		FAE87A8E25A8807700ECF999 /* Products */ = {
			isa = PBXGroup;
			children = (
				FAE87A8D25A8807700ECF999 /* VkNewsFeed.app */,
			);
			name = Products;
			sourceTree = "<group>";
		};
		FAE87A8F25A8807700ECF999 /* VkNewsFeed */ = {
			isa = PBXGroup;
			children = (
				FAE87A9025A8807700ECF999 /* AppDelegate.swift */,
				FAE87A9225A8807700ECF999 /* SceneDelegate.swift */,
				FA69D96A25AF9B39008657FE /* NewsFeed */,
				FAE87AD725A8D19700ECF999 /* Auth */,
				FAE87AC525A8BC1F00ECF999 /* Services */,
				FADA05D425B39E5800D19A37 /* Helpers */,
				FAE87A9925A8807B00ECF999 /* Assets.xcassets */,
				FAE87A9B25A8807B00ECF999 /* LaunchScreen.storyboard */,
				FAE87A9E25A8807B00ECF999 /* Info.plist */,
			);
			path = VkNewsFeed;
			sourceTree = "<group>";
		};
		FAE87AC525A8BC1F00ECF999 /* Services */ = {
			isa = PBXGroup;
			children = (
				FAA8A18625AE383900B208E1 /* Models */,
				FAE87AC725A8BCCD00ECF999 /* AuthService.swift */,
				FAA8A18025ADE55F00B208E1 /* NetworkService.swift */,
				FAA8A18B25AE3BD100B208E1 /* NetworkDataFetcher.swift */,
				FAA8A18325ADE78E00B208E1 /* API.swift */,
			);
			path = Services;
			sourceTree = "<group>";
		};
		FAE87AD725A8D19700ECF999 /* Auth */ = {
			isa = PBXGroup;
			children = (
				FAE87A9425A8807700ECF999 /* AuthViewController.swift */,
				FAE87ACB25A8C01700ECF999 /* AuthViewController.storyboard */,
			);
			path = Auth;
			sourceTree = "<group>";
		};
		FAEFDB0025CDAD7200710CF7 /* FooterView */ = {
			isa = PBXGroup;
			children = (
				FAEFDB0125CDAD9000710CF7 /* FooterView.swift */,
			);
			path = FooterView;
			sourceTree = "<group>";
		};
/* End PBXGroup section */

/* Begin PBXNativeTarget section */
		FAE87A8C25A8807700ECF999 /* VkNewsFeed */ = {
			isa = PBXNativeTarget;
			buildConfigurationList = FAE87AA125A8807B00ECF999 /* Build configuration list for PBXNativeTarget "VkNewsFeed" */;
			buildPhases = (
				51D574B5565582D83F04EED8 /* [CP] Check Pods Manifest.lock */,
				FAE87A8925A8807700ECF999 /* Sources */,
				FAE87A8A25A8807700ECF999 /* Frameworks */,
				FAE87A8B25A8807700ECF999 /* Resources */,
				822CC00F58827CC836F0C578 /* [CP] Embed Pods Frameworks */,
			);
			buildRules = (
			);
			dependencies = (
			);
			name = VkNewsFeed;
			productName = VkNewsFeed;
			productReference = FAE87A8D25A8807700ECF999 /* VkNewsFeed.app */;
			productType = "com.apple.product-type.application";
		};
/* End PBXNativeTarget section */

/* Begin PBXProject section */
		FAE87A8525A8807700ECF999 /* Project object */ = {
			isa = PBXProject;
			attributes = {
				LastSwiftUpdateCheck = 1220;
				LastUpgradeCheck = 1220;
				TargetAttributes = {
					FAE87A8C25A8807700ECF999 = {
						CreatedOnToolsVersion = 12.2;
					};
				};
			};
			buildConfigurationList = FAE87A8825A8807700ECF999 /* Build configuration list for PBXProject "VkNewsFeed" */;
			compatibilityVersion = "Xcode 9.3";
			developmentRegion = en;
			hasScannedForEncodings = 0;
			knownRegions = (
				en,
				Base,
			);
			mainGroup = FAE87A8425A8807700ECF999;
			productRefGroup = FAE87A8E25A8807700ECF999 /* Products */;
			projectDirPath = "";
			projectRoot = "";
			targets = (
				FAE87A8C25A8807700ECF999 /* VkNewsFeed */,
			);
		};
/* End PBXProject section */

/* Begin PBXResourcesBuildPhase section */
		FAE87A8B25A8807700ECF999 /* Resources */ = {
			isa = PBXResourcesBuildPhase;
			buildActionMask = 2147483647;
			files = (
				FAE87A9D25A8807B00ECF999 /* LaunchScreen.storyboard in Resources */,
				FAE87ACC25A8C01700ECF999 /* AuthViewController.storyboard in Resources */,
				FADA05D225B20AEA00D19A37 /* NewsFeedCell.xib in Resources */,
				FAE87A9A25A8807B00ECF999 /* Assets.xcassets in Resources */,
				FA69D98125AFB2C1008657FE /* NewsFeedViewController.storyboard in Resources */,
				FAEFDB0625CDB43200710CF7 /* Localizable.stringsdict in Resources */,
			);
			runOnlyForDeploymentPostprocessing = 0;
		};
/* End PBXResourcesBuildPhase section */

/* Begin PBXShellScriptBuildPhase section */
		51D574B5565582D83F04EED8 /* [CP] Check Pods Manifest.lock */ = {
			isa = PBXShellScriptBuildPhase;
			buildActionMask = 2147483647;
			files = (
			);
			inputFileListPaths = (
			);
			inputPaths = (
				"${PODS_PODFILE_DIR_PATH}/Podfile.lock",
				"${PODS_ROOT}/Manifest.lock",
			);
			name = "[CP] Check Pods Manifest.lock";
			outputFileListPaths = (
			);
			outputPaths = (
				"$(DERIVED_FILE_DIR)/Pods-VkNewsFeed-checkManifestLockResult.txt",
			);
			runOnlyForDeploymentPostprocessing = 0;
			shellPath = /bin/sh;
			shellScript = "diff \"${PODS_PODFILE_DIR_PATH}/Podfile.lock\" \"${PODS_ROOT}/Manifest.lock\" > /dev/null\nif [ $? != 0 ] ; then\n    # print error to STDERR\n    echo \"error: The sandbox is not in sync with the Podfile.lock. Run 'pod install' or update your CocoaPods installation.\" >&2\n    exit 1\nfi\n# This output is used by Xcode 'outputs' to avoid re-running this script phase.\necho \"SUCCESS\" > \"${SCRIPT_OUTPUT_FILE_0}\"\n";
			showEnvVarsInLog = 0;
		};
		822CC00F58827CC836F0C578 /* [CP] Embed Pods Frameworks */ = {
			isa = PBXShellScriptBuildPhase;
			buildActionMask = 2147483647;
			files = (
			);
			inputFileListPaths = (
				"${PODS_ROOT}/Target Support Files/Pods-VkNewsFeed/Pods-VkNewsFeed-frameworks-${CONFIGURATION}-input-files.xcfilelist",
			);
			name = "[CP] Embed Pods Frameworks";
			outputFileListPaths = (
				"${PODS_ROOT}/Target Support Files/Pods-VkNewsFeed/Pods-VkNewsFeed-frameworks-${CONFIGURATION}-output-files.xcfilelist",
			);
			runOnlyForDeploymentPostprocessing = 0;
			shellPath = /bin/sh;
			shellScript = "\"${PODS_ROOT}/Target Support Files/Pods-VkNewsFeed/Pods-VkNewsFeed-frameworks.sh\"\n";
			showEnvVarsInLog = 0;
		};
/* End PBXShellScriptBuildPhase section */

/* Begin PBXSourcesBuildPhase section */
		FAE87A8925A8807700ECF999 /* Sources */ = {
			isa = PBXSourcesBuildPhase;
			buildActionMask = 2147483647;
			files = (
				FA0925A825CAB3D7004D7903 /* RowLayout.swift in Sources */,
				FAEFDB0225CDAD9000710CF7 /* FooterView.swift in Sources */,
				FAA8A18825AE386800B208E1 /* FeedResponse.swift in Sources */,
				FADA05D625B39E8F00D19A37 /* WebImageView.swift in Sources */,
				FA790B3F25BECC40007646A9 /* NewsFeedCodeCell.swift in Sources */,
				FA0925A025C8672D004D7903 /* GallaryCollectionView.swift in Sources */,
				FA69D97225AF9B59008657FE /* NewsFeedPresenter.swift in Sources */,
				FAE87A9525A8807700ECF999 /* AuthViewController.swift in Sources */,
				FAE87A9125A8807700ECF999 /* AppDelegate.swift in Sources */,
				FA69D97725AF9B59008657FE /* NewsFeedInteractor.swift in Sources */,
				FA0925A525C86800004D7903 /* GallaryCollectionViewCell.swift in Sources */,
				FAE87A9325A8807700ECF999 /* SceneDelegate.swift in Sources */,
				FAA8A18125ADE55F00B208E1 /* NetworkService.swift in Sources */,
				FA04B99225B7834C004298B8 /* Extension String + Height.swift in Sources */,
				FAA8A18C25AE3BD100B208E1 /* NetworkDataFetcher.swift in Sources */,
				FA0925AD25CAF4FA004D7903 /* TitleView.swift in Sources */,
				FA685FDF25BF57DD0011425D /* Constants.swift in Sources */,
				FA69D97325AF9B59008657FE /* NewsFeedWorker.swift in Sources */,
				FA0925B425CC701E004D7903 /* UserResponse.swift in Sources */,
				FA69D97425AF9B59008657FE /* NewsFeedRouter.swift in Sources */,
				FAE87AC825A8BCCD00ECF999 /* AuthService.swift in Sources */,
				FAA8A18425ADE78E00B208E1 /* API.swift in Sources */,
				FA69D97525AF9B59008657FE /* NewsFeedModels.swift in Sources */,
				FADA05CF25B20A9100D19A37 /* NewsFeedCell.swift in Sources */,
				FA69D97625AF9B59008657FE /* NewsFeedViewController.swift in Sources */,
				FA04B98F25B767CD004298B8 /* NewsFeedCellLayoutCalculator.swift in Sources */,
				FAEFDB0925CF5BE400710CF7 /* GradientView.swift in Sources */,
				FA790B4225BED41C007646A9 /* Extension UIView Constraints.swift in Sources */,
				FA0925B125CAF61C004D7903 /* InsetableTextField.swift in Sources */,
			);
			runOnlyForDeploymentPostprocessing = 0;
		};
/* End PBXSourcesBuildPhase section */

/* Begin PBXVariantGroup section */
		FAE87A9B25A8807B00ECF999 /* LaunchScreen.storyboard */ = {
			isa = PBXVariantGroup;
			children = (
				FAE87A9C25A8807B00ECF999 /* Base */,
			);
			name = LaunchScreen.storyboard;
			sourceTree = "<group>";
		};
/* End PBXVariantGroup section */

/* Begin XCBuildConfiguration section */
		FAE87A9F25A8807B00ECF999 /* Debug */ = {
			isa = XCBuildConfiguration;
			buildSettings = {
				ALWAYS_SEARCH_USER_PATHS = NO;
				CLANG_ANALYZER_NONNULL = YES;
				CLANG_ANALYZER_NUMBER_OBJECT_CONVERSION = YES_AGGRESSIVE;
				CLANG_CXX_LANGUAGE_STANDARD = "gnu++14";
				CLANG_CXX_LIBRARY = "libc++";
				CLANG_ENABLE_MODULES = YES;
				CLANG_ENABLE_OBJC_ARC = YES;
				CLANG_ENABLE_OBJC_WEAK = YES;
				CLANG_WARN_BLOCK_CAPTURE_AUTORELEASING = YES;
				CLANG_WARN_BOOL_CONVERSION = YES;
				CLANG_WARN_COMMA = YES;
				CLANG_WARN_CONSTANT_CONVERSION = YES;
				CLANG_WARN_DEPRECATED_OBJC_IMPLEMENTATIONS = YES;
				CLANG_WARN_DIRECT_OBJC_ISA_USAGE = YES_ERROR;
				CLANG_WARN_DOCUMENTATION_COMMENTS = YES;
				CLANG_WARN_EMPTY_BODY = YES;
				CLANG_WARN_ENUM_CONVERSION = YES;
				CLANG_WARN_INFINITE_RECURSION = YES;
				CLANG_WARN_INT_CONVERSION = YES;
				CLANG_WARN_NON_LITERAL_NULL_CONVERSION = YES;
				CLANG_WARN_OBJC_IMPLICIT_RETAIN_SELF = YES;
				CLANG_WARN_OBJC_LITERAL_CONVERSION = YES;
				CLANG_WARN_OBJC_ROOT_CLASS = YES_ERROR;
				CLANG_WARN_QUOTED_INCLUDE_IN_FRAMEWORK_HEADER = YES;
				CLANG_WARN_RANGE_LOOP_ANALYSIS = YES;
				CLANG_WARN_STRICT_PROTOTYPES = YES;
				CLANG_WARN_SUSPICIOUS_MOVE = YES;
				CLANG_WARN_UNGUARDED_AVAILABILITY = YES_AGGRESSIVE;
				CLANG_WARN_UNREACHABLE_CODE = YES;
				CLANG_WARN__DUPLICATE_METHOD_MATCH = YES;
				COPY_PHASE_STRIP = NO;
				DEBUG_INFORMATION_FORMAT = dwarf;
				ENABLE_STRICT_OBJC_MSGSEND = YES;
				ENABLE_TESTABILITY = YES;
				GCC_C_LANGUAGE_STANDARD = gnu11;
				GCC_DYNAMIC_NO_PIC = NO;
				GCC_NO_COMMON_BLOCKS = YES;
				GCC_OPTIMIZATION_LEVEL = 0;
				GCC_PREPROCESSOR_DEFINITIONS = (
					"DEBUG=1",
					"$(inherited)",
				);
				GCC_WARN_64_TO_32_BIT_CONVERSION = YES;
				GCC_WARN_ABOUT_RETURN_TYPE = YES_ERROR;
				GCC_WARN_UNDECLARED_SELECTOR = YES;
				GCC_WARN_UNINITIALIZED_AUTOS = YES_AGGRESSIVE;
				GCC_WARN_UNUSED_FUNCTION = YES;
				GCC_WARN_UNUSED_VARIABLE = YES;
				IPHONEOS_DEPLOYMENT_TARGET = 14.2;
				MTL_ENABLE_DEBUG_INFO = INCLUDE_SOURCE;
				MTL_FAST_MATH = YES;
				ONLY_ACTIVE_ARCH = YES;
				SDKROOT = iphoneos;
				SWIFT_ACTIVE_COMPILATION_CONDITIONS = DEBUG;
				SWIFT_OPTIMIZATION_LEVEL = "-Onone";
			};
			name = Debug;
		};
		FAE87AA025A8807B00ECF999 /* Release */ = {
			isa = XCBuildConfiguration;
			buildSettings = {
				ALWAYS_SEARCH_USER_PATHS = NO;
				CLANG_ANALYZER_NONNULL = YES;
				CLANG_ANALYZER_NUMBER_OBJECT_CONVERSION = YES_AGGRESSIVE;
				CLANG_CXX_LANGUAGE_STANDARD = "gnu++14";
				CLANG_CXX_LIBRARY = "libc++";
				CLANG_ENABLE_MODULES = YES;
				CLANG_ENABLE_OBJC_ARC = YES;
				CLANG_ENABLE_OBJC_WEAK = YES;
				CLANG_WARN_BLOCK_CAPTURE_AUTORELEASING = YES;
				CLANG_WARN_BOOL_CONVERSION = YES;
				CLANG_WARN_COMMA = YES;
				CLANG_WARN_CONSTANT_CONVERSION = YES;
				CLANG_WARN_DEPRECATED_OBJC_IMPLEMENTATIONS = YES;
				CLANG_WARN_DIRECT_OBJC_ISA_USAGE = YES_ERROR;
				CLANG_WARN_DOCUMENTATION_COMMENTS = YES;
				CLANG_WARN_EMPTY_BODY = YES;
				CLANG_WARN_ENUM_CONVERSION = YES;
				CLANG_WARN_INFINITE_RECURSION = YES;
				CLANG_WARN_INT_CONVERSION = YES;
				CLANG_WARN_NON_LITERAL_NULL_CONVERSION = YES;
				CLANG_WARN_OBJC_IMPLICIT_RETAIN_SELF = YES;
				CLANG_WARN_OBJC_LITERAL_CONVERSION = YES;
				CLANG_WARN_OBJC_ROOT_CLASS = YES_ERROR;
				CLANG_WARN_QUOTED_INCLUDE_IN_FRAMEWORK_HEADER = YES;
				CLANG_WARN_RANGE_LOOP_ANALYSIS = YES;
				CLANG_WARN_STRICT_PROTOTYPES = YES;
				CLANG_WARN_SUSPICIOUS_MOVE = YES;
				CLANG_WARN_UNGUARDED_AVAILABILITY = YES_AGGRESSIVE;
				CLANG_WARN_UNREACHABLE_CODE = YES;
				CLANG_WARN__DUPLICATE_METHOD_MATCH = YES;
				COPY_PHASE_STRIP = NO;
				DEBUG_INFORMATION_FORMAT = "dwarf-with-dsym";
				ENABLE_NS_ASSERTIONS = NO;
				ENABLE_STRICT_OBJC_MSGSEND = YES;
				GCC_C_LANGUAGE_STANDARD = gnu11;
				GCC_NO_COMMON_BLOCKS = YES;
				GCC_WARN_64_TO_32_BIT_CONVERSION = YES;
				GCC_WARN_ABOUT_RETURN_TYPE = YES_ERROR;
				GCC_WARN_UNDECLARED_SELECTOR = YES;
				GCC_WARN_UNINITIALIZED_AUTOS = YES_AGGRESSIVE;
				GCC_WARN_UNUSED_FUNCTION = YES;
				GCC_WARN_UNUSED_VARIABLE = YES;
				IPHONEOS_DEPLOYMENT_TARGET = 14.2;
				MTL_ENABLE_DEBUG_INFO = NO;
				MTL_FAST_MATH = YES;
				SDKROOT = iphoneos;
				SWIFT_COMPILATION_MODE = wholemodule;
				SWIFT_OPTIMIZATION_LEVEL = "-O";
				VALIDATE_PRODUCT = YES;
			};
			name = Release;
		};
		FAE87AA225A8807B00ECF999 /* Debug */ = {
			isa = XCBuildConfiguration;
			baseConfigurationReference = 4F16C7FFFCD1239ECE2F0ED7 /* Pods-VkNewsFeed.debug.xcconfig */;
			buildSettings = {
				ASSETCATALOG_COMPILER_APPICON_NAME = AppIcon;
				ASSETCATALOG_COMPILER_GLOBAL_ACCENT_COLOR_NAME = AccentColor;
				CODE_SIGN_STYLE = Automatic;
				DEVELOPMENT_TEAM = 85629WGS3Z;
				INFOPLIST_FILE = VkNewsFeed/Info.plist;
				LD_RUNPATH_SEARCH_PATHS = (
					"$(inherited)",
					"@executable_path/Frameworks",
				);
				PRODUCT_BUNDLE_IDENTIFIER = maker1703.VkNewsFeed;
				PRODUCT_NAME = "$(TARGET_NAME)";
				SWIFT_VERSION = 5.0;
				TARGETED_DEVICE_FAMILY = 1;
			};
			name = Debug;
		};
		FAE87AA325A8807B00ECF999 /* Release */ = {
			isa = XCBuildConfiguration;
			baseConfigurationReference = 398D4352B7BBB8BC077E1CC6 /* Pods-VkNewsFeed.release.xcconfig */;
			buildSettings = {
				ASSETCATALOG_COMPILER_APPICON_NAME = AppIcon;
				ASSETCATALOG_COMPILER_GLOBAL_ACCENT_COLOR_NAME = AccentColor;
				CODE_SIGN_STYLE = Automatic;
				DEVELOPMENT_TEAM = 85629WGS3Z;
				INFOPLIST_FILE = VkNewsFeed/Info.plist;
				LD_RUNPATH_SEARCH_PATHS = (
					"$(inherited)",
					"@executable_path/Frameworks",
				);
				PRODUCT_BUNDLE_IDENTIFIER = maker1703.VkNewsFeed;
				PRODUCT_NAME = "$(TARGET_NAME)";
				SWIFT_VERSION = 5.0;
				TARGETED_DEVICE_FAMILY = 1;
			};
			name = Release;
		};
/* End XCBuildConfiguration section */

/* Begin XCConfigurationList section */
		FAE87A8825A8807700ECF999 /* Build configuration list for PBXProject "VkNewsFeed" */ = {
			isa = XCConfigurationList;
			buildConfigurations = (
				FAE87A9F25A8807B00ECF999 /* Debug */,
				FAE87AA025A8807B00ECF999 /* Release */,
			);
			defaultConfigurationIsVisible = 0;
			defaultConfigurationName = Release;
		};
		FAE87AA125A8807B00ECF999 /* Build configuration list for PBXNativeTarget "VkNewsFeed" */ = {
			isa = XCConfigurationList;
			buildConfigurations = (
				FAE87AA225A8807B00ECF999 /* Debug */,
				FAE87AA325A8807B00ECF999 /* Release */,
			);
			defaultConfigurationIsVisible = 0;
			defaultConfigurationName = Release;
		};
/* End XCConfigurationList section */
	};
	rootObject = FAE87A8525A8807700ECF999 /* Project object */;
}
